
Microsoft Visual Studio Solution File, Format Version 12.00
# Visual Studio Version 17
VisualStudioVersion = 17.14.36616.10
MinimumVisualStudioVersion = 10.0.40219.1
Project("{8BC9CEB8-8B4A-11D0-8D11-00A0C91BC942}") = "AllocatorTest", "AllocatorTest.vcxproj", "{F47CF5DE-EBF0-49E9-8948-E90A4821D100}"
EndProject
Global
	GlobalSection(SolutionConfigurationPlatforms) = preSolution
		Debug|x86 = Debug|x86
		Release|x86 = Release|x86
	EndGlobalSection
	GlobalSection(ProjectConfigurationPlatforms) = postSolution
		{F47CF5DE-EBF0-49E9-8948-E90A4821D100}.Debug|x86.ActiveCfg = Debug|Win32
		{F47CF5DE-EBF0-49E9-8948-E90A4821D100}.Debug|x86.Build.0 = Debug|Win32
		{F47CF5DE-EBF0-49E9-8948-E90A4821D100}.Release|x86.ActiveCfg = Release|Win32
		{F47CF5DE-EBF0-49E9-8948-E90A4821D100}.Release|x86.Build.0 = Release|Win32
	EndGlobalSection
	GlobalSection(SolutionProperties) = preSolution
		HideSolutionNode = FALSE
	EndGlobalSection
	GlobalSection(ExtensibilityGlobals) = postSolution
		SolutionGuid = {86C59AFA-B43C-4FE9-9790-9F1FAE4CF0F5}
	EndGlobalSection
EndGlobal
